{
  "name": "my_api",
  "lockfileVersion": 3,
  "requires": true,
  "packages": {
    "": {
      "dependencies": {
        "insomnia-plugin-get-access-token": "^1.1.0"
      }
    },
    "node_modules/insomnia-plugin-get-access-token": {
      "version": "1.1.0",
      "resolved": "https://registry.npmjs.org/insomnia-plugin-get-access-token/-/insomnia-plugin-get-access-token-1.1.0.tgz",
      "integrity": "sha512-3HtpU7e1pLiUQb9nBEmo/EoKprRrcD4dyQ7a18iODal9+ilH8tWjsOVnODMEFJa49vZplNkhDX5A/orcK4hC+A==",
      "dependencies": {
        "jsonpath-plus": "^6.0.1"
      }
    },
    "node_modules/jsonpath-plus": {
      "version": "6.0.1",
      "resolved": "https://registry.npmjs.org/jsonpath-plus/-/jsonpath-plus-6.0.1.tgz",
      "integrity": "sha512-EvGovdvau6FyLexFH2OeXfIITlgIbgZoAZe3usiySeaIDm5QS+A10DKNpaPBBqqRSZr2HN6HVNXxtwUAr2apEw==",
      "engines": {
        "node": ">=10.0.0"
      }
    }
  }
}
